
Microsoft Visual Studio Solution File, Format Version 12.00
# Visual Studio 15
VisualStudioVersion = 15.0.27004.2009
MinimumVisualStudioVersion = 10.0.40219.1
Project("{FAE04EC0-301F-11D3-BF4B-00C04F79EFBC}") = "phoneword.Android", "phoneword\phoneword.Android\phoneword.Android.csproj", "{F744C345-74E4-4AA6-8736-5337580EEDA7}"
EndProject
Project("{FAE04EC0-301F-11D3-BF4B-00C04F79EFBC}") = "phoneword", "phoneword\phoneword\phoneword.csproj", "{3C5AB568-E4B9-48EB-BEF7-5A6D8543A678}"
EndProject
Project("{FAE04EC0-301F-11D3-BF4B-00C04F79EFBC}") = "phoneword.UWP", "phoneword\phoneword.UWP\phoneword.UWP.csproj", "{D6A55AF9-CEF9-4EB3-AD5C-7FFCAA2FF433}"
EndProject
Project("{FAE04EC0-301F-11D3-BF4B-00C04F79EFBC}") = "phoneword.iOS", "phoneword\phoneword.iOS\phoneword.iOS.csproj", "{5F87AA08-ED9F-47B1-8BCD-D378FC59B82D}"
EndProject
Project("{2150E333-8FDC-42A3-9474-1A3956D46DE8}") = "Solution Items", "Solution Items", "{02B886B8-7D35-4987-85F6-6886A86AA2A3}"
EndProject
Global
	GlobalSection(SolutionConfigurationPlatforms) = preSolution
		Ad-Hoc|Any CPU = Ad-Hoc|Any CPU
		Ad-Hoc|ARM = Ad-Hoc|ARM
		Ad-Hoc|iPhone = Ad-Hoc|iPhone
		Ad-Hoc|iPhoneSimulator = Ad-Hoc|iPhoneSimulator
		Ad-Hoc|x64 = Ad-Hoc|x64
		Ad-Hoc|x86 = Ad-Hoc|x86
		AppStore|Any CPU = AppStore|Any CPU
		AppStore|ARM = AppStore|ARM
		AppStore|iPhone = AppStore|iPhone
		AppStore|iPhoneSimulator = AppStore|iPhoneSimulator
		AppStore|x64 = AppStore|x64
		AppStore|x86 = AppStore|x86
		Debug|Any CPU = Debug|Any CPU
		Debug|ARM = Debug|ARM
		Debug|iPhone = Debug|iPhone
		Debug|iPhoneSimulator = Debug|iPhoneSimulator
		Debug|x64 = Debug|x64
		Debug|x86 = Debug|x86
		Release|Any CPU = Release|Any CPU
		Release|ARM = Release|ARM
		Release|iPhone = Release|iPhone
		Release|iPhoneSimulator = Release|iPhoneSimulator
		Release|x64 = Release|x64
		Release|x86 = Release|x86
	EndGlobalSection
	GlobalSection(ProjectConfigurationPlatforms) = postSolution
		{F744C345-74E4-4AA6-8736-5337580EEDA7}.Ad-Hoc|Any CPU.ActiveCfg = Release|Any CPU
		{F744C345-74E4-4AA6-8736-5337580EEDA7}.Ad-Hoc|Any CPU.Build.0 = Release|Any CPU
		{F744C345-74E4-4AA6-8736-5337580EEDA7}.Ad-Hoc|Any CPU.Deploy.0 = Release|Any CPU
		{F744C345-74E4-4AA6-8736-5337580EEDA7}.Ad-Hoc|ARM.ActiveCfg = Release|Any CPU
		{F744C345-74E4-4AA6-8736-5337580EEDA7}.Ad-Hoc|ARM.Build.0 = Release|Any CPU
		{F744C345-74E4-4AA6-8736-5337580EEDA7}.Ad-Hoc|ARM.Deploy.0 = Release|Any CPU
		{F744C345-74E4-4AA6-8736-5337580EEDA7}.Ad-Hoc|iPhone.ActiveCfg = Release|Any CPU
		{F744C345-74E4-4AA6-8736-5337580EEDA7}.Ad-Hoc|iPhone.Build.0 = Release|Any CPU
		{F744C345-74E4-4AA6-8736-5337580EEDA7}.Ad-Hoc|iPhone.Deploy.0 = Release|Any CPU
		{F744C345-74E4-4AA6-8736-5337580EEDA7}.Ad-Hoc|iPhoneSimulator.ActiveCfg = Release|Any CPU
		{F744C345-74E4-4AA6-8736-5337580EEDA7}.Ad-Hoc|iPhoneSimulator.Build.0 = Release|Any CPU
		{F744C345-74E4-4AA6-8736-5337580EEDA7}.Ad-Hoc|iPhoneSimulator.Deploy.0 = Release|Any CPU
		{F744C345-74E4-4AA6-8736-5337580EEDA7}.Ad-Hoc|x64.ActiveCfg = Release|Any CPU
		{F744C345-74E4-4AA6-8736-5337580EEDA7}.Ad-Hoc|x64.Build.0 = Release|Any CPU
		{F744C345-74E4-4AA6-8736-5337580EEDA7}.Ad-Hoc|x64.Deploy.0 = Release|Any CPU
		{F744C345-74E4-4AA6-8736-5337580EEDA7}.Ad-Hoc|x86.ActiveCfg = Release|Any CPU
		{F744C345-74E4-4AA6-8736-5337580EEDA7}.Ad-Hoc|x86.Build.0 = Release|Any CPU
		{F744C345-74E4-4AA6-8736-5337580EEDA7}.Ad-Hoc|x86.Deploy.0 = Release|Any CPU
		{F744C345-74E4-4AA6-8736-5337580EEDA7}.AppStore|Any CPU.ActiveCfg = Release|Any CPU
		{F744C345-74E4-4AA6-8736-5337580EEDA7}.AppStore|Any CPU.Build.0 = Release|Any CPU
		{F744C345-74E4-4AA6-8736-5337580EEDA7}.AppStore|Any CPU.Deploy.0 = Release|Any CPU
		{F744C345-74E4-4AA6-8736-5337580EEDA7}.AppStore|ARM.ActiveCfg = Release|Any CPU
		{F744C345-74E4-4AA6-8736-5337580EEDA7}.AppStore|ARM.Build.0 = Release|Any CPU
		{F744C345-74E4-4AA6-8736-5337580EEDA7}.AppStore|ARM.Deploy.0 = Release|Any CPU
		{F744C345-74E4-4AA6-8736-5337580EEDA7}.AppStore|iPhone.ActiveCfg = Release|Any CPU
		{F744C345-74E4-4AA6-8736-5337580EEDA7}.AppStore|iPhone.Build.0 = Release|Any CPU
		{F744C345-74E4-4AA6-8736-5337580EEDA7}.AppStore|iPhone.Deploy.0 = Release|Any CPU
		{F744C345-74E4-4AA6-8736-5337580EEDA7}.AppStore|iPhoneSimulator.ActiveCfg = Release|Any CPU
		{F744C345-74E4-4AA6-8736-5337580EEDA7}.AppStore|iPhoneSimulator.Build.0 = Release|Any CPU
		{F744C345-74E4-4AA6-8736-5337580EEDA7}.AppStore|iPhoneSimulator.Deploy.0 = Release|Any CPU
		{F744C345-74E4-4AA6-8736-5337580EEDA7}.AppStore|x64.ActiveCfg = Release|Any CPU
		{F744C345-74E4-4AA6-8736-5337580EEDA7}.AppStore|x64.Build.0 = Release|Any CPU
		{F744C345-74E4-4AA6-8736-5337580EEDA7}.AppStore|x64.Deploy.0 = Release|Any CPU
		{F744C345-74E4-4AA6-8736-5337580EEDA7}.AppStore|x86.ActiveCfg = Release|Any CPU
		{F744C345-74E4-4AA6-8736-5337580EEDA7}.AppStore|x86.Build.0 = Release|Any CPU
		{F744C345-74E4-4AA6-8736-5337580EEDA7}.AppStore|x86.Deploy.0 = Release|Any CPU
		{F744C345-74E4-4AA6-8736-5337580EEDA7}.Debug|Any CPU.ActiveCfg = Debug|Any CPU
		{F744C345-74E4-4AA6-8736-5337580EEDA7}.Debug|Any CPU.Build.0 = Debug|Any CPU
		{F744C345-74E4-4AA6-8736-5337580EEDA7}.Debug|Any CPU.Deploy.0 = Debug|Any CPU
		{F744C345-74E4-4AA6-8736-5337580EEDA7}.Debug|ARM.ActiveCfg = Debug|Any CPU
		{F744C345-74E4-4AA6-8736-5337580EEDA7}.Debug|ARM.Build.0 = Debug|Any CPU
		{F744C345-74E4-4AA6-8736-5337580EEDA7}.Debug|ARM.Deploy.0 = Debug|Any CPU
		{F744C345-74E4-4AA6-8736-5337580EEDA7}.Debug|iPhone.ActiveCfg = Debug|Any CPU
		{F744C345-74E4-4AA6-8736-5337580EEDA7}.Debug|iPhone.Build.0 = Debug|Any CPU
		{F744C345-74E4-4AA6-8736-5337580EEDA7}.Debug|iPhone.Deploy.0 = Debug|Any CPU
		{F744C345-74E4-4AA6-8736-5337580EEDA7}.Debug|iPhoneSimulator.ActiveCfg = Debug|Any CPU
		{F744C345-74E4-4AA6-8736-5337580EEDA7}.Debug|iPhoneSimulator.Build.0 = Debug|Any CPU
		{F744C345-74E4-4AA6-8736-5337580EEDA7}.Debug|iPhoneSimulator.Deploy.0 = Debug|Any CPU
		{F744C345-74E4-4AA6-8736-5337580EEDA7}.Debug|x64.ActiveCfg = Debug|Any CPU
		{F744C345-74E4-4AA6-8736-5337580EEDA7}.Debug|x64.Build.0 = Debug|Any CPU
		{F744C345-74E4-4AA6-8736-5337580EEDA7}.Debug|x64.Deploy.0 = Debug|Any CPU
		{F744C345-74E4-4AA6-8736-5337580EEDA7}.Debug|x86.ActiveCfg = Debug|Any CPU
		{F744C345-74E4-4AA6-8736-5337580EEDA7}.Debug|x86.Build.0 = Debug|Any CPU
		{F744C345-74E4-4AA6-8736-5337580EEDA7}.Debug|x86.Deploy.0 = Debug|Any CPU
		{F744C345-74E4-4AA6-8736-5337580EEDA7}.Release|Any CPU.ActiveCfg = Release|Any CPU
		{F744C345-74E4-4AA6-8736-5337580EEDA7}.Release|Any CPU.Build.0 = Release|Any CPU
		{F744C345-74E4-4AA6-8736-5337580EEDA7}.Release|Any CPU.Deploy.0 = Release|Any CPU
		{F744C345-74E4-4AA6-8736-5337580EEDA7}.Release|ARM.ActiveCfg = Release|Any CPU
		{F744C345-74E4-4AA6-8736-5337580EEDA7}.Release|ARM.Build.0 = Release|Any CPU
		{F744C345-74E4-4AA6-8736-5337580EEDA7}.Release|ARM.Deploy.0 = Release|Any CPU
		{F744C345-74E4-4AA6-8736-5337580EEDA7}.Release|iPhone.ActiveCfg = Release|Any CPU
		{F744C345-74E4-4AA6-8736-5337580EEDA7}.Release|iPhone.Build.0 = Release|Any CPU
		{F744C345-74E4-4AA6-8736-5337580EEDA7}.Release|iPhone.Deploy.0 = Release|Any CPU
		{F744C345-74E4-4AA6-8736-5337580EEDA7}.Release|iPhoneSimulator.ActiveCfg = Release|Any CPU
		{F744C345-74E4-4AA6-8736-5337580EEDA7}.Release|iPhoneSimulator.Build.0 = Release|Any CPU
		{F744C345-74E4-4AA6-8736-5337580EEDA7}.Release|iPhoneSimulator.Deploy.0 = Release|Any CPU
		{F744C345-74E4-4AA6-8736-5337580EEDA7}.Release|x64.ActiveCfg = Release|Any CPU
		{F744C345-74E4-4AA6-8736-5337580EEDA7}.Release|x64.Build.0 = Release|Any CPU
		{F744C345-74E4-4AA6-8736-5337580EEDA7}.Release|x64.Deploy.0 = Release|Any CPU
		{F744C345-74E4-4AA6-8736-5337580EEDA7}.Release|x86.ActiveCfg = Release|Any CPU
		{F744C345-74E4-4AA6-8736-5337580EEDA7}.Release|x86.Build.0 = Release|Any CPU
		{F744C345-74E4-4AA6-8736-5337580EEDA7}.Release|x86.Deploy.0 = Release|Any CPU
		{3C5AB568-E4B9-48EB-BEF7-5A6D8543A678}.Ad-Hoc|Any CPU.ActiveCfg = Release|Any CPU
		{3C5AB568-E4B9-48EB-BEF7-5A6D8543A678}.Ad-Hoc|Any CPU.Build.0 = Release|Any CPU
		{3C5AB568-E4B9-48EB-BEF7-5A6D8543A678}.Ad-Hoc|ARM.ActiveCfg = Release|Any CPU
		{3C5AB568-E4B9-48EB-BEF7-5A6D8543A678}.Ad-Hoc|ARM.Build.0 = Release|Any CPU
		{3C5AB568-E4B9-48EB-BEF7-5A6D8543A678}.Ad-Hoc|iPhone.ActiveCfg = Release|Any CPU
		{3C5AB568-E4B9-48EB-BEF7-5A6D8543A678}.Ad-Hoc|iPhone.Build.0 = Release|Any CPU
		{3C5AB568-E4B9-48EB-BEF7-5A6D8543A678}.Ad-Hoc|iPhoneSimulator.ActiveCfg = Release|Any CPU
		{3C5AB568-E4B9-48EB-BEF7-5A6D8543A678}.Ad-Hoc|iPhoneSimulator.Build.0 = Release|Any CPU
		{3C5AB568-E4B9-48EB-BEF7-5A6D8543A678}.Ad-Hoc|x64.ActiveCfg = Release|Any CPU
		{3C5AB568-E4B9-48EB-BEF7-5A6D8543A678}.Ad-Hoc|x64.Build.0 = Release|Any CPU
		{3C5AB568-E4B9-48EB-BEF7-5A6D8543A678}.Ad-Hoc|x86.ActiveCfg = Release|Any CPU
		{3C5AB568-E4B9-48EB-BEF7-5A6D8543A678}.Ad-Hoc|x86.Build.0 = Release|Any CPU
		{3C5AB568-E4B9-48EB-BEF7-5A6D8543A678}.AppStore|Any CPU.ActiveCfg = Release|Any CPU
		{3C5AB568-E4B9-48EB-BEF7-5A6D8543A678}.AppStore|Any CPU.Build.0 = Release|Any CPU
		{3C5AB568-E4B9-48EB-BEF7-5A6D8543A678}.AppStore|ARM.ActiveCfg = Release|Any CPU
		{3C5AB568-E4B9-48EB-BEF7-5A6D8543A678}.AppStore|ARM.Build.0 = Release|Any CPU
		{3C5AB568-E4B9-48EB-BEF7-5A6D8543A678}.AppStore|iPhone.ActiveCfg = Release|Any CPU
		{3C5AB568-E4B9-48EB-BEF7-5A6D8543A678}.AppStore|iPhone.Build.0 = Release|Any CPU
		{3C5AB568-E4B9-48EB-BEF7-5A6D8543A678}.AppStore|iPhoneSimulator.ActiveCfg = Release|Any CPU
		{3C5AB568-E4B9-48EB-BEF7-5A6D8543A678}.AppStore|iPhoneSimulator.Build.0 = Release|Any CPU
		{3C5AB568-E4B9-48EB-BEF7-5A6D8543A678}.AppStore|x64.ActiveCfg = Release|Any CPU
		{3C5AB568-E4B9-48EB-BEF7-5A6D8543A678}.AppStore|x64.Build.0 = Release|Any CPU
		{3C5AB568-E4B9-48EB-BEF7-5A6D8543A678}.AppStore|x86.ActiveCfg = Release|Any CPU
		{3C5AB568-E4B9-48EB-BEF7-5A6D8543A678}.AppStore|x86.Build.0 = Release|Any CPU
		{3C5AB568-E4B9-48EB-BEF7-5A6D8543A678}.Debug|Any CPU.ActiveCfg = Debug|Any CPU
		{3C5AB568-E4B9-48EB-BEF7-5A6D8543A678}.Debug|Any CPU.Build.0 = Debug|Any CPU
		{3C5AB568-E4B9-48EB-BEF7-5A6D8543A678}.Debug|ARM.ActiveCfg = Debug|Any CPU
		{3C5AB568-E4B9-48EB-BEF7-5A6D8543A678}.Debug|ARM.Build.0 = Debug|Any CPU
		{3C5AB568-E4B9-48EB-BEF7-5A6D8543A678}.Debug|iPhone.ActiveCfg = Debug|Any CPU
		{3C5AB568-E4B9-48EB-BEF7-5A6D8543A678}.Debug|iPhone.Build.0 = Debug|Any CPU
		{3C5AB568-E4B9-48EB-BEF7-5A6D8543A678}.Debug|iPhoneSimulator.ActiveCfg = Debug|Any CPU
		{3C5AB568-E4B9-48EB-BEF7-5A6D8543A678}.Debug|iPhoneSimulator.Build.0 = Debug|Any CPU
		{3C5AB568-E4B9-48EB-BEF7-5A6D8543A678}.Debug|x64.ActiveCfg = Debug|Any CPU
		{3C5AB568-E4B9-48EB-BEF7-5A6D8543A678}.Debug|x64.Build.0 = Debug|Any CPU
		{3C5AB568-E4B9-48EB-BEF7-5A6D8543A678}.Debug|x86.ActiveCfg = Debug|Any CPU
		{3C5AB568-E4B9-48EB-BEF7-5A6D8543A678}.Debug|x86.Build.0 = Debug|Any CPU
		{3C5AB568-E4B9-48EB-BEF7-5A6D8543A678}.Release|Any CPU.ActiveCfg = Release|Any CPU
		{3C5AB568-E4B9-48EB-BEF7-5A6D8543A678}.Release|Any CPU.Build.0 = Release|Any CPU
		{3C5AB568-E4B9-48EB-BEF7-5A6D8543A678}.Release|ARM.ActiveCfg = Release|Any CPU
		{3C5AB568-E4B9-48EB-BEF7-5A6D8543A678}.Release|ARM.Build.0 = Release|Any CPU
		{3C5AB568-E4B9-48EB-BEF7-5A6D8543A678}.Release|iPhone.ActiveCfg = Release|Any CPU
		{3C5AB568-E4B9-48EB-BEF7-5A6D8543A678}.Release|iPhone.Build.0 = Release|Any CPU
		{3C5AB568-E4B9-48EB-BEF7-5A6D8543A678}.Release|iPhoneSimulator.ActiveCfg = Release|Any CPU
		{3C5AB568-E4B9-48EB-BEF7-5A6D8543A678}.Release|iPhoneSimulator.Build.0 = Release|Any CPU
		{3C5AB568-E4B9-48EB-BEF7-5A6D8543A678}.Release|x64.ActiveCfg = Release|Any CPU
		{3C5AB568-E4B9-48EB-BEF7-5A6D8543A678}.Release|x64.Build.0 = Release|Any CPU
		{3C5AB568-E4B9-48EB-BEF7-5A6D8543A678}.Release|x86.ActiveCfg = Release|Any CPU
		{3C5AB568-E4B9-48EB-BEF7-5A6D8543A678}.Release|x86.Build.0 = Release|Any CPU
		{D6A55AF9-CEF9-4EB3-AD5C-7FFCAA2FF433}.Ad-Hoc|Any CPU.ActiveCfg = Release|x86
		{D6A55AF9-CEF9-4EB3-AD5C-7FFCAA2FF433}.Ad-Hoc|Any CPU.Build.0 = Release|x86
		{D6A55AF9-CEF9-4EB3-AD5C-7FFCAA2FF433}.Ad-Hoc|Any CPU.Deploy.0 = Release|x86
		{D6A55AF9-CEF9-4EB3-AD5C-7FFCAA2FF433}.Ad-Hoc|ARM.ActiveCfg = Release|ARM
		{D6A55AF9-CEF9-4EB3-AD5C-7FFCAA2FF433}.Ad-Hoc|ARM.Build.0 = Release|ARM
		{D6A55AF9-CEF9-4EB3-AD5C-7FFCAA2FF433}.Ad-Hoc|ARM.Deploy.0 = Release|ARM
		{D6A55AF9-CEF9-4EB3-AD5C-7FFCAA2FF433}.Ad-Hoc|iPhone.ActiveCfg = Release|x86
		{D6A55AF9-CEF9-4EB3-AD5C-7FFCAA2FF433}.Ad-Hoc|iPhone.Build.0 = Release|x86
		{D6A55AF9-CEF9-4EB3-AD5C-7FFCAA2FF433}.Ad-Hoc|iPhone.Deploy.0 = Release|x86
		{D6A55AF9-CEF9-4EB3-AD5C-7FFCAA2FF433}.Ad-Hoc|iPhoneSimulator.ActiveCfg = Release|x86
		{D6A55AF9-CEF9-4EB3-AD5C-7FFCAA2FF433}.Ad-Hoc|iPhoneSimulator.Build.0 = Release|x86
		{D6A55AF9-CEF9-4EB3-AD5C-7FFCAA2FF433}.Ad-Hoc|iPhoneSimulator.Deploy.0 = Release|x86
		{D6A55AF9-CEF9-4EB3-AD5C-7FFCAA2FF433}.Ad-Hoc|x64.ActiveCfg = Release|x64
		{D6A55AF9-CEF9-4EB3-AD5C-7FFCAA2FF433}.Ad-Hoc|x64.Build.0 = Release|x64
		{D6A55AF9-CEF9-4EB3-AD5C-7FFCAA2FF433}.Ad-Hoc|x64.Deploy.0 = Release|x64
		{D6A55AF9-CEF9-4EB3-AD5C-7FFCAA2FF433}.Ad-Hoc|x86.ActiveCfg = Release|x86
		{D6A55AF9-CEF9-4EB3-AD5C-7FFCAA2FF433}.Ad-Hoc|x86.Build.0 = Release|x86
		{D6A55AF9-CEF9-4EB3-AD5C-7FFCAA2FF433}.Ad-Hoc|x86.Deploy.0 = Release|x86
		{D6A55AF9-CEF9-4EB3-AD5C-7FFCAA2FF433}.AppStore|Any CPU.ActiveCfg = Release|x86
		{D6A55AF9-CEF9-4EB3-AD5C-7FFCAA2FF433}.AppStore|Any CPU.Build.0 = Release|x86
		{D6A55AF9-CEF9-4EB3-AD5C-7FFCAA2FF433}.AppStore|Any CPU.Deploy.0 = Release|x86
		{D6A55AF9-CEF9-4EB3-AD5C-7FFCAA2FF433}.AppStore|ARM.ActiveCfg = Release|ARM
		{D6A55AF9-CEF9-4EB3-AD5C-7FFCAA2FF433}.AppStore|ARM.Build.0 = Release|ARM
		{D6A55AF9-CEF9-4EB3-AD5C-7FFCAA2FF433}.AppStore|ARM.Deploy.0 = Release|ARM
		{D6A55AF9-CEF9-4EB3-AD5C-7FFCAA2FF433}.AppStore|iPhone.ActiveCfg = Release|x86
		{D6A55AF9-CEF9-4EB3-AD5C-7FFCAA2FF433}.AppStore|iPhone.Build.0 = Release|x86
		{D6A55AF9-CEF9-4EB3-AD5C-7FFCAA2FF433}.AppStore|iPhone.Deploy.0 = Release|x86
		{D6A55AF9-CEF9-4EB3-AD5C-7FFCAA2FF433}.AppStore|iPhoneSimulator.ActiveCfg = Release|x86
		{D6A55AF9-CEF9-4EB3-AD5C-7FFCAA2FF433}.AppStore|iPhoneSimulator.Build.0 = Release|x86
		{D6A55AF9-CEF9-4EB3-AD5C-7FFCAA2FF433}.AppStore|iPhoneSimulator.Deploy.0 = Release|x86
		{D6A55AF9-CEF9-4EB3-AD5C-7FFCAA2FF433}.AppStore|x64.ActiveCfg = Release|x64
		{D6A55AF9-CEF9-4EB3-AD5C-7FFCAA2FF433}.AppStore|x64.Build.0 = Release|x64
		{D6A55AF9-CEF9-4EB3-AD5C-7FFCAA2FF433}.AppStore|x64.Deploy.0 = Release|x64
		{D6A55AF9-CEF9-4EB3-AD5C-7FFCAA2FF433}.AppStore|x86.ActiveCfg = Release|x86
		{D6A55AF9-CEF9-4EB3-AD5C-7FFCAA2FF433}.AppStore|x86.Build.0 = Release|x86
		{D6A55AF9-CEF9-4EB3-AD5C-7FFCAA2FF433}.AppStore|x86.Deploy.0 = Release|x86
		{D6A55AF9-CEF9-4EB3-AD5C-7FFCAA2FF433}.Debug|Any CPU.ActiveCfg = Debug|x86
		{D6A55AF9-CEF9-4EB3-AD5C-7FFCAA2FF433}.Debug|ARM.ActiveCfg = Debug|ARM
		{D6A55AF9-CEF9-4EB3-AD5C-7FFCAA2FF433}.Debug|ARM.Build.0 = Debug|ARM
		{D6A55AF9-CEF9-4EB3-AD5C-7FFCAA2FF433}.Debug|ARM.Deploy.0 = Debug|ARM
		{D6A55AF9-CEF9-4EB3-AD5C-7FFCAA2FF433}.Debug|iPhone.ActiveCfg = Debug|x86
		{D6A55AF9-CEF9-4EB3-AD5C-7FFCAA2FF433}.Debug|iPhoneSimulator.ActiveCfg = Debug|x86
		{D6A55AF9-CEF9-4EB3-AD5C-7FFCAA2FF433}.Debug|x64.ActiveCfg = Debug|x64
		{D6A55AF9-CEF9-4EB3-AD5C-7FFCAA2FF433}.Debug|x64.Build.0 = Debug|x64
		{D6A55AF9-CEF9-4EB3-AD5C-7FFCAA2FF433}.Debug|x64.Deploy.0 = Debug|x64
		{D6A55AF9-CEF9-4EB3-AD5C-7FFCAA2FF433}.Debug|x86.ActiveCfg = Debug|x86
		{D6A55AF9-CEF9-4EB3-AD5C-7FFCAA2FF433}.Debug|x86.Build.0 = Debug|x86
		{D6A55AF9-CEF9-4EB3-AD5C-7FFCAA2FF433}.Debug|x86.Deploy.0 = Debug|x86
		{D6A55AF9-CEF9-4EB3-AD5C-7FFCAA2FF433}.Release|Any CPU.ActiveCfg = Release|x86
		{D6A55AF9-CEF9-4EB3-AD5C-7FFCAA2FF433}.Release|ARM.ActiveCfg = Release|ARM
		{D6A55AF9-CEF9-4EB3-AD5C-7FFCAA2FF433}.Release|ARM.Build.0 = Release|ARM
		{D6A55AF9-CEF9-4EB3-AD5C-7FFCAA2FF433}.Release|ARM.Deploy.0 = Release|ARM
		{D6A55AF9-CEF9-4EB3-AD5C-7FFCAA2FF433}.Release|iPhone.ActiveCfg = Release|x86
		{D6A55AF9-CEF9-4EB3-AD5C-7FFCAA2FF433}.Release|iPhoneSimulator.ActiveCfg = Release|x86
		{D6A55AF9-CEF9-4EB3-AD5C-7FFCAA2FF433}.Release|x64.ActiveCfg = Release|x64
		{D6A55AF9-CEF9-4EB3-AD5C-7FFCAA2FF433}.Release|x64.Build.0 = Release|x64
		{D6A55AF9-CEF9-4EB3-AD5C-7FFCAA2FF433}.Release|x64.Deploy.0 = Release|x64
		{D6A55AF9-CEF9-4EB3-AD5C-7FFCAA2FF433}.Release|x86.ActiveCfg = Release|x86
		{D6A55AF9-CEF9-4EB3-AD5C-7FFCAA2FF433}.Release|x86.Build.0 = Release|x86
		{D6A55AF9-CEF9-4EB3-AD5C-7FFCAA2FF433}.Release|x86.Deploy.0 = Release|x86
		{5F87AA08-ED9F-47B1-8BCD-D378FC59B82D}.Ad-Hoc|Any CPU.ActiveCfg = Ad-Hoc|iPhoneSimulator
		{5F87AA08-ED9F-47B1-8BCD-D378FC59B82D}.Ad-Hoc|ARM.ActiveCfg = Ad-Hoc|iPhone
		{5F87AA08-ED9F-47B1-8BCD-D378FC59B82D}.Ad-Hoc|iPhone.ActiveCfg = Ad-Hoc|iPhone
		{5F87AA08-ED9F-47B1-8BCD-D378FC59B82D}.Ad-Hoc|iPhone.Build.0 = Ad-Hoc|iPhone
		{5F87AA08-ED9F-47B1-8BCD-D378FC59B82D}.Ad-Hoc|iPhoneSimulator.ActiveCfg = Ad-Hoc|iPhoneSimulator
		{5F87AA08-ED9F-47B1-8BCD-D378FC59B82D}.Ad-Hoc|iPhoneSimulator.Build.0 = Ad-Hoc|iPhoneSimulator
		{5F87AA08-ED9F-47B1-8BCD-D378FC59B82D}.Ad-Hoc|x64.ActiveCfg = Ad-Hoc|iPhone
		{5F87AA08-ED9F-47B1-8BCD-D378FC59B82D}.Ad-Hoc|x86.ActiveCfg = Ad-Hoc|iPhone
		{5F87AA08-ED9F-47B1-8BCD-D378FC59B82D}.AppStore|Any CPU.ActiveCfg = AppStore|iPhoneSimulator
		{5F87AA08-ED9F-47B1-8BCD-D378FC59B82D}.AppStore|ARM.ActiveCfg = AppStore|iPhone
		{5F87AA08-ED9F-47B1-8BCD-D378FC59B82D}.AppStore|iPhone.ActiveCfg = AppStore|iPhone
		{5F87AA08-ED9F-47B1-8BCD-D378FC59B82D}.AppStore|iPhone.Build.0 = AppStore|iPhone
		{5F87AA08-ED9F-47B1-8BCD-D378FC59B82D}.AppStore|iPhoneSimulator.ActiveCfg = AppStore|iPhoneSimulator
		{5F87AA08-ED9F-47B1-8BCD-D378FC59B82D}.AppStore|iPhoneSimulator.Build.0 = AppStore|iPhoneSimulator
		{5F87AA08-ED9F-47B1-8BCD-D378FC59B82D}.AppStore|x64.ActiveCfg = AppStore|iPhone
		{5F87AA08-ED9F-47B1-8BCD-D378FC59B82D}.AppStore|x86.ActiveCfg = AppStore|iPhone
		{5F87AA08-ED9F-47B1-8BCD-D378FC59B82D}.Debug|Any CPU.ActiveCfg = Debug|iPhoneSimulator
		{5F87AA08-ED9F-47B1-8BCD-D378FC59B82D}.Debug|ARM.ActiveCfg = Debug|iPhone
		{5F87AA08-ED9F-47B1-8BCD-D378FC59B82D}.Debug|iPhone.ActiveCfg = Debug|iPhone
		{5F87AA08-ED9F-47B1-8BCD-D378FC59B82D}.Debug|iPhone.Build.0 = Debug|iPhone
		{5F87AA08-ED9F-47B1-8BCD-D378FC59B82D}.Debug|iPhoneSimulator.ActiveCfg = Debug|iPhoneSimulator
		{5F87AA08-ED9F-47B1-8BCD-D378FC59B82D}.Debug|iPhoneSimulator.Build.0 = Debug|iPhoneSimulator
		{5F87AA08-ED9F-47B1-8BCD-D378FC59B82D}.Debug|x64.ActiveCfg = Debug|iPhone
		{5F87AA08-ED9F-47B1-8BCD-D378FC59B82D}.Debug|x86.ActiveCfg = Debug|iPhone
		{5F87AA08-ED9F-47B1-8BCD-D378FC59B82D}.Release|Any CPU.ActiveCfg = Release|iPhoneSimulator
		{5F87AA08-ED9F-47B1-8BCD-D378FC59B82D}.Release|ARM.ActiveCfg = Release|iPhone
		{5F87AA08-ED9F-47B1-8BCD-D378FC59B82D}.Release|iPhone.ActiveCfg = Release|iPhone
		{5F87AA08-ED9F-47B1-8BCD-D378FC59B82D}.Release|iPhone.Build.0 = Release|iPhone
		{5F87AA08-ED9F-47B1-8BCD-D378FC59B82D}.Release|iPhoneSimulator.ActiveCfg = Release|iPhoneSimulator
		{5F87AA08-ED9F-47B1-8BCD-D378FC59B82D}.Release|iPhoneSimulator.Build.0 = Release|iPhoneSimulator
		{5F87AA08-ED9F-47B1-8BCD-D378FC59B82D}.Release|x64.ActiveCfg = Release|iPhone
		{5F87AA08-ED9F-47B1-8BCD-D378FC59B82D}.Release|x86.ActiveCfg = Release|iPhone
	EndGlobalSection
	GlobalSection(SolutionProperties) = preSolution
		HideSolutionNode = FALSE
	EndGlobalSection
	GlobalSection(ExtensibilityGlobals) = postSolution
		SolutionGuid = {A3794350-2908-4297-A896-22D03A9E9CA6}
	EndGlobalSection
EndGlobal
